
Microsoft Visual Studio Solution File, Format Version 12.00
# Visual Studio Version 16
VisualStudioVersion = 16.0.29230.47
MinimumVisualStudioVersion = 10.0.40219.1
Project("{9A19103F-16F7-4668-BE54-9A1E7A4F7556}") = "TaskStudy", "TaskStudy\TaskStudy.csproj", "{5AEC33A8-86F5-4BF8-9802-030D146AE91F}"
EndProject
Project("{2150E333-8FDC-42A3-9474-1A3956D46DE8}") = "Solution Items", "Solution Items", "{2D99566C-E316-4F0C-82E7-B933450CFE7F}"
	ProjectSection(SolutionItems) = preProject
		README.md = README.md
	EndProjectSection
EndProject
Global
	GlobalSection(SolutionConfigurationPlatforms) = preSolution
		Debug|Any CPU = Debug|Any CPU
		Release|Any CPU = Release|Any CPU
	EndGlobalSection
	GlobalSection(ProjectConfigurationPlatforms) = postSolution
		{5AEC33A8-86F5-4BF8-9802-030D146AE91F}.Debug|Any CPU.ActiveCfg = Debug|Any CPU
		{5AEC33A8-86F5-4BF8-9802-030D146AE91F}.Debug|Any CPU.Build.0 = Debug|Any CPU
		{5AEC33A8-86F5-4BF8-9802-030D146AE91F}.Release|Any CPU.ActiveCfg = Release|Any CPU
		{5AEC33A8-86F5-4BF8-9802-030D146AE91F}.Release|Any CPU.Build.0 = Release|Any CPU
	EndGlobalSection
	GlobalSection(SolutionProperties) = preSolution
		HideSolutionNode = FALSE
	EndGlobalSection
	GlobalSection(ExtensibilityGlobals) = postSolution
		SolutionGuid = {2E530339-6F0C-4F59-80E3-E600B2BFBCEA}
	EndGlobalSection
EndGlobal
